
Microsoft Visual Studio Solution File, Format Version 12.00
# Visual Studio Version 16
VisualStudioVersion = 16.0.31105.61
MinimumVisualStudioVersion = 10.0.40219.1
Project("{9A19103F-16F7-4668-BE54-9A1E7A4F7556}") = "csharp-classes-01", "csharp-classes-01.csproj", "{B0F0D1F7-C725-4FB2-9C50-63681873A20A}"
EndProject
Project("{2150E333-8FDC-42A3-9474-1A3956D46DE8}") = "Solution Items", "Solution Items", "{218896EE-D1A4-4DD2-B260-5094E569E5E5}"
	ProjectSection(SolutionItems) = preProject
		README.md = README.md
	EndProjectSection
EndProject
Global
	GlobalSection(SolutionConfigurationPlatforms) = preSolution
		Debug|Any CPU = Debug|Any CPU
		Release|Any CPU = Release|Any CPU
	EndGlobalSection
	GlobalSection(ProjectConfigurationPlatforms) = postSolution
		{B0F0D1F7-C725-4FB2-9C50-63681873A20A}.Debug|Any CPU.ActiveCfg = Debug|Any CPU
		{B0F0D1F7-C725-4FB2-9C50-63681873A20A}.Debug|Any CPU.Build.0 = Debug|Any CPU
		{B0F0D1F7-C725-4FB2-9C50-63681873A20A}.Release|Any CPU.ActiveCfg = Release|Any CPU
		{B0F0D1F7-C725-4FB2-9C50-63681873A20A}.Release|Any CPU.Build.0 = Release|Any CPU
	EndGlobalSection
	GlobalSection(SolutionProperties) = preSolution
		HideSolutionNode = FALSE
	EndGlobalSection
	GlobalSection(ExtensibilityGlobals) = postSolution
		SolutionGuid = {E5925715-A090-4768-B5B5-3CAFCBF4A8E9}
	EndGlobalSection
EndGlobal
